// !$*UTF8*$!
{
	archiveVersion = 1;
	classes = {
	};
	objectVersion = 46;
	objects = {

/* Begin PBXBuildFile section */
		680A5B641D916DC900C141E7 /* allCities.plist in Resources */ = {isa = PBXBuildFile; fileRef = 680A5B5E1D916DC900C141E7 /* allCities.plist */; };
		680A5B651D916DC900C141E7 /* allCitiesDics.plist in Resources */ = {isa = PBXBuildFile; fileRef = 680A5B5F1D916DC900C141E7 /* allCitiesDics.plist */; };
		680A5B691D916DC900C141E7 /* hotCities.plist in Resources */ = {isa = PBXBuildFile; fileRef = 680A5B631D916DC900C141E7 /* hotCities.plist */; };
		6825E45D1DD06CD300DA2092 /* MJExtensionConst.m in Sources */ = {isa = PBXBuildFile; fileRef = 6825E4491DD06CD300DA2092 /* MJExtensionConst.m */; };
		6825E45E1DD06CD300DA2092 /* MJFoundation.m in Sources */ = {isa = PBXBuildFile; fileRef = 6825E44B1DD06CD300DA2092 /* MJFoundation.m */; };
		6825E45F1DD06CD300DA2092 /* MJProperty.m in Sources */ = {isa = PBXBuildFile; fileRef = 6825E44D1DD06CD300DA2092 /* MJProperty.m */; };
		6825E4601DD06CD300DA2092 /* MJPropertyKey.m in Sources */ = {isa = PBXBuildFile; fileRef = 6825E44F1DD06CD300DA2092 /* MJPropertyKey.m */; };
		6825E4611DD06CD300DA2092 /* MJPropertyType.m in Sources */ = {isa = PBXBuildFile; fileRef = 6825E4511DD06CD300DA2092 /* MJPropertyType.m */; };
		6825E4621DD06CD300DA2092 /* NSObject+MJClass.m in Sources */ = {isa = PBXBuildFile; fileRef = 6825E4531DD06CD300DA2092 /* NSObject+MJClass.m */; };
		6825E4631DD06CD300DA2092 /* NSObject+MJCoding.m in Sources */ = {isa = PBXBuildFile; fileRef = 6825E4551DD06CD300DA2092 /* NSObject+MJCoding.m */; };
		6825E4641DD06CD300DA2092 /* NSObject+MJKeyValue.m in Sources */ = {isa = PBXBuildFile; fileRef = 6825E4571DD06CD300DA2092 /* NSObject+MJKeyValue.m */; };
		6825E4651DD06CD300DA2092 /* NSObject+MJProperty.m in Sources */ = {isa = PBXBuildFile; fileRef = 6825E4591DD06CD300DA2092 /* NSObject+MJProperty.m */; };
		6825E4661DD06CD300DA2092 /* NSString+MJExtension.m in Sources */ = {isa = PBXBuildFile; fileRef = 6825E45B1DD06CD300DA2092 /* NSString+MJExtension.m */; };
		6825E4C01DD085A300DA2092 /* Foundation+Log.m in Sources */ = {isa = PBXBuildFile; fileRef = 6825E4891DD085A300DA2092 /* Foundation+Log.m */; };
		6825E4C11DD085A300DA2092 /* NSAttributedString+Extension.m in Sources */ = {isa = PBXBuildFile; fileRef = 6825E48B1DD085A300DA2092 /* NSAttributedString+Extension.m */; };
		6825E4C21DD085A300DA2092 /* NSDate+Extension.m in Sources */ = {isa = PBXBuildFile; fileRef = 6825E48D1DD085A300DA2092 /* NSDate+Extension.m */; };
		6825E4C31DD085A300DA2092 /* NSString+Extension.m in Sources */ = {isa = PBXBuildFile; fileRef = 6825E48F1DD085A300DA2092 /* NSString+Extension.m */; };
		6825E4C41DD085A300DA2092 /* UIApplication+Extension.m in Sources */ = {isa = PBXBuildFile; fileRef = 6825E4911DD085A300DA2092 /* UIApplication+Extension.m */; };
		6825E4C51DD085A300DA2092 /* UILabel+Font.m in Sources */ = {isa = PBXBuildFile; fileRef = 6825E4931DD085A300DA2092 /* UILabel+Font.m */; };
		6825E4C61DD085A300DA2092 /* UIView+Frame.m in Sources */ = {isa = PBXBuildFile; fileRef = 6825E4951DD085A300DA2092 /* UIView+Frame.m */; };
		6825E4C71DD085A300DA2092 /* AddCityController.m in Sources */ = {isa = PBXBuildFile; fileRef = 6825E4981DD085A300DA2092 /* AddCityController.m */; };
		6825E4C81DD085A300DA2092 /* MainViewController.m in Sources */ = {isa = PBXBuildFile; fileRef = 6825E49A1DD085A300DA2092 /* MainViewController.m */; };
		6825E4C91DD085A300DA2092 /* SettingCityController.m in Sources */ = {isa = PBXBuildFile; fileRef = 6825E49C1DD085A300DA2092 /* SettingCityController.m */; };
		6825E4CA1DD085A300DA2092 /* ConstDefine.m in Sources */ = {isa = PBXBuildFile; fileRef = 6825E49F1DD085A300DA2092 /* ConstDefine.m */; };
		6825E4CB1DD085A300DA2092 /* CityWeatherData.m in Sources */ = {isa = PBXBuildFile; fileRef = 6825E4A31DD085A300DA2092 /* CityWeatherData.m */; };
		6825E4CC1DD085A300DA2092 /* DailyWeatherData.m in Sources */ = {isa = PBXBuildFile; fileRef = 6825E4A51DD085A300DA2092 /* DailyWeatherData.m */; };
		6825E4CD1DD085A300DA2092 /* HourlyWeatherData.m in Sources */ = {isa = PBXBuildFile; fileRef = 6825E4A71DD085A300DA2092 /* HourlyWeatherData.m */; };
		6825E4CE1DD085A300DA2092 /* NowWeatherData.m in Sources */ = {isa = PBXBuildFile; fileRef = 6825E4A91DD085A300DA2092 /* NowWeatherData.m */; };
		6825E4CF1DD085A300DA2092 /* SRHTTPSessionManager.m in Sources */ = {isa = PBXBuildFile; fileRef = 6825E4AC1DD085A300DA2092 /* SRHTTPSessionManager.m */; };
		6825E4D01DD085A300DA2092 /* SRLocationTool.m in Sources */ = {isa = PBXBuildFile; fileRef = 6825E4AE1DD085A300DA2092 /* SRLocationTool.m */; };
		6825E4D11DD085A300DA2092 /* SRUserDefaults.m in Sources */ = {isa = PBXBuildFile; fileRef = 6825E4B01DD085A300DA2092 /* SRUserDefaults.m */; };
		6825E4D21DD085A300DA2092 /* SRWeatherAssist.m in Sources */ = {isa = PBXBuildFile; fileRef = 6825E4B21DD085A300DA2092 /* SRWeatherAssist.m */; };
		6825E4D31DD085A300DA2092 /* SRWeatherCityTool.m in Sources */ = {isa = PBXBuildFile; fileRef = 6825E4B41DD085A300DA2092 /* SRWeatherCityTool.m */; };
		6825E4D41DD085A300DA2092 /* SRWeatherDataTool.m in Sources */ = {isa = PBXBuildFile; fileRef = 6825E4B61DD085A300DA2092 /* SRWeatherDataTool.m */; };
		6825E4D51DD085A300DA2092 /* WeatherDetailInfoView.m in Sources */ = {isa = PBXBuildFile; fileRef = 6825E4B91DD085A300DA2092 /* WeatherDetailInfoView.m */; };
		6825E4D61DD085A300DA2092 /* WeatherGeneralInfoView.m in Sources */ = {isa = PBXBuildFile; fileRef = 6825E4BB1DD085A300DA2092 /* WeatherGeneralInfoView.m */; };
		6825E4D71DD085A300DA2092 /* WeatherLineChart.m in Sources */ = {isa = PBXBuildFile; fileRef = 6825E4BD1DD085A300DA2092 /* WeatherLineChart.m */; };
		6825E4D81DD085A300DA2092 /* WeatherToolBar.m in Sources */ = {isa = PBXBuildFile; fileRef = 6825E4BF1DD085A300DA2092 /* WeatherToolBar.m */; };
		68C19B381DBE2DFF0004EBFE /* AFHTTPRequestOperation.m in Sources */ = {isa = PBXBuildFile; fileRef = 68C19B091DBE2DFF0004EBFE /* AFHTTPRequestOperation.m */; };
		68C19B391DBE2DFF0004EBFE /* AFHTTPRequestOperationManager.m in Sources */ = {isa = PBXBuildFile; fileRef = 68C19B0B1DBE2DFF0004EBFE /* AFHTTPRequestOperationManager.m */; };
		68C19B3A1DBE2DFF0004EBFE /* AFHTTPSessionManager.m in Sources */ = {isa = PBXBuildFile; fileRef = 68C19B0D1DBE2DFF0004EBFE /* AFHTTPSessionManager.m */; };
		68C19B3B1DBE2DFF0004EBFE /* AFNetworkReachabilityManager.m in Sources */ = {isa = PBXBuildFile; fileRef = 68C19B101DBE2DFF0004EBFE /* AFNetworkReachabilityManager.m */; };
		68C19B3C1DBE2DFF0004EBFE /* AFSecurityPolicy.m in Sources */ = {isa = PBXBuildFile; fileRef = 68C19B121DBE2DFF0004EBFE /* AFSecurityPolicy.m */; };
		68C19B3D1DBE2DFF0004EBFE /* AFURLConnectionOperation.m in Sources */ = {isa = PBXBuildFile; fileRef = 68C19B141DBE2DFF0004EBFE /* AFURLConnectionOperation.m */; };
		68C19B3E1DBE2DFF0004EBFE /* AFURLRequestSerialization.m in Sources */ = {isa = PBXBuildFile; fileRef = 68C19B161DBE2DFF0004EBFE /* AFURLRequestSerialization.m */; };
		68C19B3F1DBE2DFF0004EBFE /* AFURLResponseSerialization.m in Sources */ = {isa = PBXBuildFile; fileRef = 68C19B181DBE2DFF0004EBFE /* AFURLResponseSerialization.m */; };
		68C19B401DBE2DFF0004EBFE /* AFURLSessionManager.m in Sources */ = {isa = PBXBuildFile; fileRef = 68C19B1A1DBE2DFF0004EBFE /* AFURLSessionManager.m */; };
		68C19B411DBE2DFF0004EBFE /* MBProgressHUD+SR.m in Sources */ = {isa = PBXBuildFile; fileRef = 68C19B1D1DBE2DFF0004EBFE /* MBProgressHUD+SR.m */; };
		68C19B421DBE2DFF0004EBFE /* MBProgressHUD.bundle in Resources */ = {isa = PBXBuildFile; fileRef = 68C19B1E1DBE2DFF0004EBFE /* MBProgressHUD.bundle */; };
		68C19B431DBE2DFF0004EBFE /* MBProgressHUD.m in Sources */ = {isa = PBXBuildFile; fileRef = 68C19B201DBE2DFF0004EBFE /* MBProgressHUD.m */; };
		68C19B441DBE2DFF0004EBFE /* ChineseString.m in Sources */ = {isa = PBXBuildFile; fileRef = 68C19B231DBE2DFF0004EBFE /* ChineseString.m */; };
		68C19B451DBE2DFF0004EBFE /* ChineseStringTool.m in Sources */ = {isa = PBXBuildFile; fileRef = 68C19B251DBE2DFF0004EBFE /* ChineseStringTool.m */; };
		68C19B461DBE2DFF0004EBFE /* ChineseToPinyinResource.m in Sources */ = {isa = PBXBuildFile; fileRef = 68C19B271DBE2DFF0004EBFE /* ChineseToPinyinResource.m */; };
		68C19B471DBE2DFF0004EBFE /* HanyuPinyinOutputFormat.m in Sources */ = {isa = PBXBuildFile; fileRef = 68C19B291DBE2DFF0004EBFE /* HanyuPinyinOutputFormat.m */; };
		68C19B481DBE2DFF0004EBFE /* NSString+PinYin4Cocoa.m in Sources */ = {isa = PBXBuildFile; fileRef = 68C19B2B1DBE2DFF0004EBFE /* NSString+PinYin4Cocoa.m */; };
		68C19B491DBE2DFF0004EBFE /* pinyin.c in Sources */ = {isa = PBXBuildFile; fileRef = 68C19B2C1DBE2DFF0004EBFE /* pinyin.c */; };
		68C19B4A1DBE2DFF0004EBFE /* PinyinFormatter.m in Sources */ = {isa = PBXBuildFile; fileRef = 68C19B2F1DBE2DFF0004EBFE /* PinyinFormatter.m */; };
		68C19B4B1DBE2DFF0004EBFE /* PinYinForObjc.m in Sources */ = {isa = PBXBuildFile; fileRef = 68C19B311DBE2DFF0004EBFE /* PinYinForObjc.m */; };
		68C19B4C1DBE2DFF0004EBFE /* PinyinHelper.m in Sources */ = {isa = PBXBuildFile; fileRef = 68C19B331DBE2DFF0004EBFE /* PinyinHelper.m */; };
		68C19B4D1DBE2DFF0004EBFE /* unicode_to_hanyu_pinyin.txt in Resources */ = {isa = PBXBuildFile; fileRef = 68C19B341DBE2DFF0004EBFE /* unicode_to_hanyu_pinyin.txt */; };
		68C19B4E1DBE2DFF0004EBFE /* ZYPinYinSearch.m in Sources */ = {isa = PBXBuildFile; fileRef = 68C19B361DBE2DFF0004EBFE /* ZYPinYinSearch.m */; };
		68D95E141D8EAF670099F5C8 /* main.m in Sources */ = {isa = PBXBuildFile; fileRef = 68D95E131D8EAF670099F5C8 /* main.m */; };
		68D95E171D8EAF670099F5C8 /* AppDelegate.m in Sources */ = {isa = PBXBuildFile; fileRef = 68D95E161D8EAF670099F5C8 /* AppDelegate.m */; };
		68D95E1F1D8EAF670099F5C8 /* Assets.xcassets in Resources */ = {isa = PBXBuildFile; fileRef = 68D95E1E1D8EAF670099F5C8 /* Assets.xcassets */; };
		68D95FCA1D8EB67E0099F5C8 /* LaunchScreen.storyboard in Resources */ = {isa = PBXBuildFile; fileRef = 68D95FC91D8EB67E0099F5C8 /* LaunchScreen.storyboard */; };
		6E373ABF1D91989D00B44177 /* background_cloudy.jpeg in Resources */ = {isa = PBXBuildFile; fileRef = 6E373ABB1D91989D00B44177 /* background_cloudy.jpeg */; };
		6E373AC01D91989D00B44177 /* background_rainy.jpeg in Resources */ = {isa = PBXBuildFile; fileRef = 6E373ABC1D91989D00B44177 /* background_rainy.jpeg */; };
		6E373AC11D91989D00B44177 /* background_snowy.jpeg in Resources */ = {isa = PBXBuildFile; fileRef = 6E373ABD1D91989D00B44177 /* background_snowy.jpeg */; };
		6E373AC21D91989D00B44177 /* background_sunny.jpeg in Resources */ = {isa = PBXBuildFile; fileRef = 6E373ABE1D91989D00B44177 /* background_sunny.jpeg */; };
/* End PBXBuildFile section */

/* Begin PBXFileReference section */
		680A5B5E1D916DC900C141E7 /* allCities.plist */ = {isa = PBXFileReference; fileEncoding = 4; lastKnownFileType = text.plist.xml; path = allCities.plist; sourceTree = "<group>"; };
		680A5B5F1D916DC900C141E7 /* allCitiesDics.plist */ = {isa = PBXFileReference; fileEncoding = 4; lastKnownFileType = text.plist.xml; path = allCitiesDics.plist; sourceTree = "<group>"; };
		680A5B631D916DC900C141E7 /* hotCities.plist */ = {isa = PBXFileReference; fileEncoding = 4; lastKnownFileType = text.plist.xml; path = hotCities.plist; sourceTree = "<group>"; };
		6825E4471DD06CD300DA2092 /* MJExtension.h */ = {isa = PBXFileReference; fileEncoding = 4; lastKnownFileType = sourcecode.c.h; path = MJExtension.h; sourceTree = "<group>"; };
		6825E4481DD06CD300DA2092 /* MJExtensionConst.h */ = {isa = PBXFileReference; fileEncoding = 4; lastKnownFileType = sourcecode.c.h; path = MJExtensionConst.h; sourceTree = "<group>"; };
		6825E4491DD06CD300DA2092 /* MJExtensionConst.m */ = {isa = PBXFileReference; fileEncoding = 4; lastKnownFileType = sourcecode.c.objc; path = MJExtensionConst.m; sourceTree = "<group>"; };
		6825E44A1DD06CD300DA2092 /* MJFoundation.h */ = {isa = PBXFileReference; fileEncoding = 4; lastKnownFileType = sourcecode.c.h; path = MJFoundation.h; sourceTree = "<group>"; };
		6825E44B1DD06CD300DA2092 /* MJFoundation.m */ = {isa = PBXFileReference; fileEncoding = 4; lastKnownFileType = sourcecode.c.objc; path = MJFoundation.m; sourceTree = "<group>"; };
		6825E44C1DD06CD300DA2092 /* MJProperty.h */ = {isa = PBXFileReference; fileEncoding = 4; lastKnownFileType = sourcecode.c.h; path = MJProperty.h; sourceTree = "<group>"; };
		6825E44D1DD06CD300DA2092 /* MJProperty.m */ = {isa = PBXFileReference; fileEncoding = 4; lastKnownFileType = sourcecode.c.objc; path = MJProperty.m; sourceTree = "<group>"; };
		6825E44E1DD06CD300DA2092 /* MJPropertyKey.h */ = {isa = PBXFileReference; fileEncoding = 4; lastKnownFileType = sourcecode.c.h; path = MJPropertyKey.h; sourceTree = "<group>"; };
		6825E44F1DD06CD300DA2092 /* MJPropertyKey.m */ = {isa = PBXFileReference; fileEncoding = 4; lastKnownFileType = sourcecode.c.objc; path = MJPropertyKey.m; sourceTree = "<group>"; };
		6825E4501DD06CD300DA2092 /* MJPropertyType.h */ = {isa = PBXFileReference; fileEncoding = 4; lastKnownFileType = sourcecode.c.h; path = MJPropertyType.h; sourceTree = "<group>"; };
		6825E4511DD06CD300DA2092 /* MJPropertyType.m */ = {isa = PBXFileReference; fileEncoding = 4; lastKnownFileType = sourcecode.c.objc; path = MJPropertyType.m; sourceTree = "<group>"; };
		6825E4521DD06CD300DA2092 /* NSObject+MJClass.h */ = {isa = PBXFileReference; fileEncoding = 4; lastKnownFileType = sourcecode.c.h; path = "NSObject+MJClass.h"; sourceTree = "<group>"; };
		6825E4531DD06CD300DA2092 /* NSObject+MJClass.m */ = {isa = PBXFileReference; fileEncoding = 4; lastKnownFileType = sourcecode.c.objc; path = "NSObject+MJClass.m"; sourceTree = "<group>"; };
		6825E4541DD06CD300DA2092 /* NSObject+MJCoding.h */ = {isa = PBXFileReference; fileEncoding = 4; lastKnownFileType = sourcecode.c.h; path = "NSObject+MJCoding.h"; sourceTree = "<group>"; };
		6825E4551DD06CD300DA2092 /* NSObject+MJCoding.m */ = {isa = PBXFileReference; fileEncoding = 4; lastKnownFileType = sourcecode.c.objc; path = "NSObject+MJCoding.m"; sourceTree = "<group>"; };
		6825E4561DD06CD300DA2092 /* NSObject+MJKeyValue.h */ = {isa = PBXFileReference; fileEncoding = 4; lastKnownFileType = sourcecode.c.h; path = "NSObject+MJKeyValue.h"; sourceTree = "<group>"; };
		6825E4571DD06CD300DA2092 /* NSObject+MJKeyValue.m */ = {isa = PBXFileReference; fileEncoding = 4; lastKnownFileType = sourcecode.c.objc; path = "NSObject+MJKeyValue.m"; sourceTree = "<group>"; };
		6825E4581DD06CD300DA2092 /* NSObject+MJProperty.h */ = {isa = PBXFileReference; fileEncoding = 4; lastKnownFileType = sourcecode.c.h; path = "NSObject+MJProperty.h"; sourceTree = "<group>"; };
		6825E4591DD06CD300DA2092 /* NSObject+MJProperty.m */ = {isa = PBXFileReference; fileEncoding = 4; lastKnownFileType = sourcecode.c.objc; path = "NSObject+MJProperty.m"; sourceTree = "<group>"; };
		6825E45A1DD06CD300DA2092 /* NSString+MJExtension.h */ = {isa = PBXFileReference; fileEncoding = 4; lastKnownFileType = sourcecode.c.h; path = "NSString+MJExtension.h"; sourceTree = "<group>"; };
		6825E45B1DD06CD300DA2092 /* NSString+MJExtension.m */ = {isa = PBXFileReference; fileEncoding = 4; lastKnownFileType = sourcecode.c.objc; path = "NSString+MJExtension.m"; sourceTree = "<group>"; };
		6825E4891DD085A300DA2092 /* Foundation+Log.m */ = {isa = PBXFileReference; fileEncoding = 4; lastKnownFileType = sourcecode.c.objc; path = "Foundation+Log.m"; sourceTree = "<group>"; };
		6825E48A1DD085A300DA2092 /* NSAttributedString+Extension.h */ = {isa = PBXFileReference; fileEncoding = 4; lastKnownFileType = sourcecode.c.h; path = "NSAttributedString+Extension.h"; sourceTree = "<group>"; };
		6825E48B1DD085A300DA2092 /* NSAttributedString+Extension.m */ = {isa = PBXFileReference; fileEncoding = 4; lastKnownFileType = sourcecode.c.objc; path = "NSAttributedString+Extension.m"; sourceTree = "<group>"; };
		6825E48C1DD085A300DA2092 /* NSDate+Extension.h */ = {isa = PBXFileReference; fileEncoding = 4; lastKnownFileType = sourcecode.c.h; path = "NSDate+Extension.h"; sourceTree = "<group>"; };
		6825E48D1DD085A300DA2092 /* NSDate+Extension.m */ = {isa = PBXFileReference; fileEncoding = 4; lastKnownFileType = sourcecode.c.objc; path = "NSDate+Extension.m"; sourceTree = "<group>"; };
		6825E48E1DD085A300DA2092 /* NSString+Extension.h */ = {isa = PBXFileReference; fileEncoding = 4; lastKnownFileType = sourcecode.c.h; path = "NSString+Extension.h"; sourceTree = "<group>"; };
		6825E48F1DD085A300DA2092 /* NSString+Extension.m */ = {isa = PBXFileReference; fileEncoding = 4; lastKnownFileType = sourcecode.c.objc; path = "NSString+Extension.m"; sourceTree = "<group>"; };
		6825E4901DD085A300DA2092 /* UIApplication+Extension.h */ = {isa = PBXFileReference; fileEncoding = 4; lastKnownFileType = sourcecode.c.h; path = "UIApplication+Extension.h"; sourceTree = "<group>"; };
		6825E4911DD085A300DA2092 /* UIApplication+Extension.m */ = {isa = PBXFileReference; fileEncoding = 4; lastKnownFileType = sourcecode.c.objc; path = "UIApplication+Extension.m"; sourceTree = "<group>"; };
		6825E4921DD085A300DA2092 /* UILabel+Font.h */ = {isa = PBXFileReference; fileEncoding = 4; lastKnownFileType = sourcecode.c.h; path = "UILabel+Font.h"; sourceTree = "<group>"; };
		6825E4931DD085A300DA2092 /* UILabel+Font.m */ = {isa = PBXFileReference; fileEncoding = 4; lastKnownFileType = sourcecode.c.objc; path = "UILabel+Font.m"; sourceTree = "<group>"; };
		6825E4941DD085A300DA2092 /* UIView+Frame.h */ = {isa = PBXFileReference; fileEncoding = 4; lastKnownFileType = sourcecode.c.h; path = "UIView+Frame.h"; sourceTree = "<group>"; };
		6825E4951DD085A300DA2092 /* UIView+Frame.m */ = {isa = PBXFileReference; fileEncoding = 4; lastKnownFileType = sourcecode.c.objc; path = "UIView+Frame.m"; sourceTree = "<group>"; };
		6825E4971DD085A300DA2092 /* AddCityController.h */ = {isa = PBXFileReference; fileEncoding = 4; lastKnownFileType = sourcecode.c.h; path = AddCityController.h; sourceTree = "<group>"; };
		6825E4981DD085A300DA2092 /* AddCityController.m */ = {isa = PBXFileReference; fileEncoding = 4; lastKnownFileType = sourcecode.c.objc; path = AddCityController.m; sourceTree = "<group>"; };
		6825E4991DD085A300DA2092 /* MainViewController.h */ = {isa = PBXFileReference; fileEncoding = 4; lastKnownFileType = sourcecode.c.h; path = MainViewController.h; sourceTree = "<group>"; };
		6825E49A1DD085A300DA2092 /* MainViewController.m */ = {isa = PBXFileReference; fileEncoding = 4; lastKnownFileType = sourcecode.c.objc; path = MainViewController.m; sourceTree = "<group>"; };
		6825E49B1DD085A300DA2092 /* SettingCityController.h */ = {isa = PBXFileReference; fileEncoding = 4; lastKnownFileType = sourcecode.c.h; path = SettingCityController.h; sourceTree = "<group>"; };
		6825E49C1DD085A300DA2092 /* SettingCityController.m */ = {isa = PBXFileReference; fileEncoding = 4; lastKnownFileType = sourcecode.c.objc; path = SettingCityController.m; sourceTree = "<group>"; };
		6825E49E1DD085A300DA2092 /* ConstDefine.h */ = {isa = PBXFileReference; fileEncoding = 4; lastKnownFileType = sourcecode.c.h; path = ConstDefine.h; sourceTree = "<group>"; };
		6825E49F1DD085A300DA2092 /* ConstDefine.m */ = {isa = PBXFileReference; fileEncoding = 4; lastKnownFileType = sourcecode.c.objc; path = ConstDefine.m; sourceTree = "<group>"; };
		6825E4A01DD085A300DA2092 /* UIAssistDefine.h */ = {isa = PBXFileReference; fileEncoding = 4; lastKnownFileType = sourcecode.c.h; path = UIAssistDefine.h; sourceTree = "<group>"; };
		6825E4A21DD085A300DA2092 /* CityWeatherData.h */ = {isa = PBXFileReference; fileEncoding = 4; lastKnownFileType = sourcecode.c.h; path = CityWeatherData.h; sourceTree = "<group>"; };
		6825E4A31DD085A300DA2092 /* CityWeatherData.m */ = {isa = PBXFileReference; fileEncoding = 4; lastKnownFileType = sourcecode.c.objc; path = CityWeatherData.m; sourceTree = "<group>"; };
		6825E4A41DD085A300DA2092 /* DailyWeatherData.h */ = {isa = PBXFileReference; fileEncoding = 4; lastKnownFileType = sourcecode.c.h; path = DailyWeatherData.h; sourceTree = "<group>"; };
		6825E4A51DD085A300DA2092 /* DailyWeatherData.m */ = {isa = PBXFileReference; fileEncoding = 4; lastKnownFileType = sourcecode.c.objc; path = DailyWeatherData.m; sourceTree = "<group>"; };
		6825E4A61DD085A300DA2092 /* HourlyWeatherData.h */ = {isa = PBXFileReference; fileEncoding = 4; lastKnownFileType = sourcecode.c.h; path = HourlyWeatherData.h; sourceTree = "<group>"; };
		6825E4A71DD085A300DA2092 /* HourlyWeatherData.m */ = {isa = PBXFileReference; fileEncoding = 4; lastKnownFileType = sourcecode.c.objc; path = HourlyWeatherData.m; sourceTree = "<group>"; };
		6825E4A81DD085A300DA2092 /* NowWeatherData.h */ = {isa = PBXFileReference; fileEncoding = 4; lastKnownFileType = sourcecode.c.h; path = NowWeatherData.h; sourceTree = "<group>"; };
		6825E4A91DD085A300DA2092 /* NowWeatherData.m */ = {isa = PBXFileReference; fileEncoding = 4; lastKnownFileType = sourcecode.c.objc; path = NowWeatherData.m; sourceTree = "<group>"; };
		6825E4AB1DD085A300DA2092 /* SRHTTPSessionManager.h */ = {isa = PBXFileReference; fileEncoding = 4; lastKnownFileType = sourcecode.c.h; path = SRHTTPSessionManager.h; sourceTree = "<group>"; };
		6825E4AC1DD085A300DA2092 /* SRHTTPSessionManager.m */ = {isa = PBXFileReference; fileEncoding = 4; lastKnownFileType = sourcecode.c.objc; path = SRHTTPSessionManager.m; sourceTree = "<group>"; };
		6825E4AD1DD085A300DA2092 /* SRLocationTool.h */ = {isa = PBXFileReference; fileEncoding = 4; lastKnownFileType = sourcecode.c.h; path = SRLocationTool.h; sourceTree = "<group>"; };
		6825E4AE1DD085A300DA2092 /* SRLocationTool.m */ = {isa = PBXFileReference; fileEncoding = 4; lastKnownFileType = sourcecode.c.objc; path = SRLocationTool.m; sourceTree = "<group>"; };
		6825E4AF1DD085A300DA2092 /* SRUserDefaults.h */ = {isa = PBXFileReference; fileEncoding = 4; lastKnownFileType = sourcecode.c.h; path = SRUserDefaults.h; sourceTree = "<group>"; };
		6825E4B01DD085A300DA2092 /* SRUserDefaults.m */ = {isa = PBXFileReference; fileEncoding = 4; lastKnownFileType = sourcecode.c.objc; path = SRUserDefaults.m; sourceTree = "<group>"; };
		6825E4B11DD085A300DA2092 /* SRWeatherAssist.h */ = {isa = PBXFileReference; fileEncoding = 4; lastKnownFileType = sourcecode.c.h; path = SRWeatherAssist.h; sourceTree = "<group>"; };
		6825E4B21DD085A300DA2092 /* SRWeatherAssist.m */ = {isa = PBXFileReference; fileEncoding = 4; lastKnownFileType = sourcecode.c.objc; path = SRWeatherAssist.m; sourceTree = "<group>"; };
		6825E4B31DD085A300DA2092 /* SRWeatherCityTool.h */ = {isa = PBXFileReference; fileEncoding = 4; lastKnownFileType = sourcecode.c.h; path = SRWeatherCityTool.h; sourceTree = "<group>"; };
		6825E4B41DD085A300DA2092 /* SRWeatherCityTool.m */ = {isa = PBXFileReference; fileEncoding = 4; lastKnownFileType = sourcecode.c.objc; path = SRWeatherCityTool.m; sourceTree = "<group>"; };
		6825E4B51DD085A300DA2092 /* SRWeatherDataTool.h */ = {isa = PBXFileReference; fileEncoding = 4; lastKnownFileType = sourcecode.c.h; path = SRWeatherDataTool.h; sourceTree = "<group>"; };
		6825E4B61DD085A300DA2092 /* SRWeatherDataTool.m */ = {isa = PBXFileReference; fileEncoding = 4; lastKnownFileType = sourcecode.c.objc; path = SRWeatherDataTool.m; sourceTree = "<group>"; };
		6825E4B81DD085A300DA2092 /* WeatherDetailInfoView.h */ = {isa = PBXFileReference; fileEncoding = 4; lastKnownFileType = sourcecode.c.h; path = WeatherDetailInfoView.h; sourceTree = "<group>"; };
		6825E4B91DD085A300DA2092 /* WeatherDetailInfoView.m */ = {isa = PBXFileReference; fileEncoding = 4; lastKnownFileType = sourcecode.c.objc; path = WeatherDetailInfoView.m; sourceTree = "<group>"; };
		6825E4BA1DD085A300DA2092 /* WeatherGeneralInfoView.h */ = {isa = PBXFileReference; fileEncoding = 4; lastKnownFileType = sourcecode.c.h; path = WeatherGeneralInfoView.h; sourceTree = "<group>"; };
		6825E4BB1DD085A300DA2092 /* WeatherGeneralInfoView.m */ = {isa = PBXFileReference; fileEncoding = 4; lastKnownFileType = sourcecode.c.objc; path = WeatherGeneralInfoView.m; sourceTree = "<group>"; };
		6825E4BC1DD085A300DA2092 /* WeatherLineChart.h */ = {isa = PBXFileReference; fileEncoding = 4; lastKnownFileType = sourcecode.c.h; path = WeatherLineChart.h; sourceTree = "<group>"; };
		6825E4BD1DD085A300DA2092 /* WeatherLineChart.m */ = {isa = PBXFileReference; fileEncoding = 4; lastKnownFileType = sourcecode.c.objc; path = WeatherLineChart.m; sourceTree = "<group>"; };
		6825E4BE1DD085A300DA2092 /* WeatherToolBar.h */ = {isa = PBXFileReference; fileEncoding = 4; lastKnownFileType = sourcecode.c.h; path = WeatherToolBar.h; sourceTree = "<group>"; };
		6825E4BF1DD085A300DA2092 /* WeatherToolBar.m */ = {isa = PBXFileReference; fileEncoding = 4; lastKnownFileType = sourcecode.c.objc; path = WeatherToolBar.m; sourceTree = "<group>"; };
		68C19B081DBE2DFF0004EBFE /* AFHTTPRequestOperation.h */ = {isa = PBXFileReference; fileEncoding = 4; lastKnownFileType = sourcecode.c.h; path = AFHTTPRequestOperation.h; sourceTree = "<group>"; };
		68C19B091DBE2DFF0004EBFE /* AFHTTPRequestOperation.m */ = {isa = PBXFileReference; fileEncoding = 4; lastKnownFileType = sourcecode.c.objc; path = AFHTTPRequestOperation.m; sourceTree = "<group>"; };
		68C19B0A1DBE2DFF0004EBFE /* AFHTTPRequestOperationManager.h */ = {isa = PBXFileReference; fileEncoding = 4; lastKnownFileType = sourcecode.c.h; path = AFHTTPRequestOperationManager.h; sourceTree = "<group>"; };
		68C19B0B1DBE2DFF0004EBFE /* AFHTTPRequestOperationManager.m */ = {isa = PBXFileReference; fileEncoding = 4; lastKnownFileType = sourcecode.c.objc; path = AFHTTPRequestOperationManager.m; sourceTree = "<group>"; };
		68C19B0C1DBE2DFF0004EBFE /* AFHTTPSessionManager.h */ = {isa = PBXFileReference; fileEncoding = 4; lastKnownFileType = sourcecode.c.h; path = AFHTTPSessionManager.h; sourceTree = "<group>"; };
		68C19B0D1DBE2DFF0004EBFE /* AFHTTPSessionManager.m */ = {isa = PBXFileReference; fileEncoding = 4; lastKnownFileType = sourcecode.c.objc; path = AFHTTPSessionManager.m; sourceTree = "<group>"; };
		68C19B0E1DBE2DFF0004EBFE /* AFNetworking.h */ = {isa = PBXFileReference; fileEncoding = 4; lastKnownFileType = sourcecode.c.h; path = AFNetworking.h; sourceTree = "<group>"; };
		68C19B0F1DBE2DFF0004EBFE /* AFNetworkReachabilityManager.h */ = {isa = PBXFileReference; fileEncoding = 4; lastKnownFileType = sourcecode.c.h; path = AFNetworkReachabilityManager.h; sourceTree = "<group>"; };
		68C19B101DBE2DFF0004EBFE /* AFNetworkReachabilityManager.m */ = {isa = PBXFileReference; fileEncoding = 4; lastKnownFileType = sourcecode.c.objc; path = AFNetworkReachabilityManager.m; sourceTree = "<group>"; };
		68C19B111DBE2DFF0004EBFE /* AFSecurityPolicy.h */ = {isa = PBXFileReference; fileEncoding = 4; lastKnownFileType = sourcecode.c.h; path = AFSecurityPolicy.h; sourceTree = "<group>"; };
		68C19B121DBE2DFF0004EBFE /* AFSecurityPolicy.m */ = {isa = PBXFileReference; fileEncoding = 4; lastKnownFileType = sourcecode.c.objc; path = AFSecurityPolicy.m; sourceTree = "<group>"; };
		68C19B131DBE2DFF0004EBFE /* AFURLConnectionOperation.h */ = {isa = PBXFileReference; fileEncoding = 4; lastKnownFileType = sourcecode.c.h; path = AFURLConnectionOperation.h; sourceTree = "<group>"; };
		68C19B141DBE2DFF0004EBFE /* AFURLConnectionOperation.m */ = {isa = PBXFileReference; fileEncoding = 4; lastKnownFileType = sourcecode.c.objc; path = AFURLConnectionOperation.m; sourceTree = "<group>"; };
		68C19B151DBE2DFF0004EBFE /* AFURLRequestSerialization.h */ = {isa = PBXFileReference; fileEncoding = 4; lastKnownFileType = sourcecode.c.h; path = AFURLRequestSerialization.h; sourceTree = "<group>"; };
		68C19B161DBE2DFF0004EBFE /* AFURLRequestSerialization.m */ = {isa = PBXFileReference; fileEncoding = 4; lastKnownFileType = sourcecode.c.objc; path = AFURLRequestSerialization.m; sourceTree = "<group>"; };
		68C19B171DBE2DFF0004EBFE /* AFURLResponseSerialization.h */ = {isa = PBXFileReference; fileEncoding = 4; lastKnownFileType = sourcecode.c.h; path = AFURLResponseSerialization.h; sourceTree = "<group>"; };
		68C19B181DBE2DFF0004EBFE /* AFURLResponseSerialization.m */ = {isa = PBXFileReference; fileEncoding = 4; lastKnownFileType = sourcecode.c.objc; path = AFURLResponseSerialization.m; sourceTree = "<group>"; };
		68C19B191DBE2DFF0004EBFE /* AFURLSessionManager.h */ = {isa = PBXFileReference; fileEncoding = 4; lastKnownFileType = sourcecode.c.h; path = AFURLSessionManager.h; sourceTree = "<group>"; };
		68C19B1A1DBE2DFF0004EBFE /* AFURLSessionManager.m */ = {isa = PBXFileReference; fileEncoding = 4; lastKnownFileType = sourcecode.c.objc; path = AFURLSessionManager.m; sourceTree = "<group>"; };
		68C19B1C1DBE2DFF0004EBFE /* MBProgressHUD+SR.h */ = {isa = PBXFileReference; fileEncoding = 4; lastKnownFileType = sourcecode.c.h; path = "MBProgressHUD+SR.h"; sourceTree = "<group>"; };
		68C19B1D1DBE2DFF0004EBFE /* MBProgressHUD+SR.m */ = {isa = PBXFileReference; fileEncoding = 4; lastKnownFileType = sourcecode.c.objc; path = "MBProgressHUD+SR.m"; sourceTree = "<group>"; };
		68C19B1E1DBE2DFF0004EBFE /* MBProgressHUD.bundle */ = {isa = PBXFileReference; lastKnownFileType = "wrapper.plug-in"; path = MBProgressHUD.bundle; sourceTree = "<group>"; };
		68C19B1F1DBE2DFF0004EBFE /* MBProgressHUD.h */ = {isa = PBXFileReference; fileEncoding = 4; lastKnownFileType = sourcecode.c.h; path = MBProgressHUD.h; sourceTree = "<group>"; };
		68C19B201DBE2DFF0004EBFE /* MBProgressHUD.m */ = {isa = PBXFileReference; fileEncoding = 4; lastKnownFileType = sourcecode.c.objc; path = MBProgressHUD.m; sourceTree = "<group>"; };
		68C19B221DBE2DFF0004EBFE /* ChineseString.h */ = {isa = PBXFileReference; fileEncoding = 4; lastKnownFileType = sourcecode.c.h; path = ChineseString.h; sourceTree = "<group>"; };
		68C19B231DBE2DFF0004EBFE /* ChineseString.m */ = {isa = PBXFileReference; fileEncoding = 4; lastKnownFileType = sourcecode.c.objc; path = ChineseString.m; sourceTree = "<group>"; };
		68C19B241DBE2DFF0004EBFE /* ChineseStringTool.h */ = {isa = PBXFileReference; fileEncoding = 4; lastKnownFileType = sourcecode.c.h; path = ChineseStringTool.h; sourceTree = "<group>"; };
		68C19B251DBE2DFF0004EBFE /* ChineseStringTool.m */ = {isa = PBXFileReference; fileEncoding = 4; lastKnownFileType = sourcecode.c.objc; path = ChineseStringTool.m; sourceTree = "<group>"; };
		68C19B261DBE2DFF0004EBFE /* ChineseToPinyinResource.h */ = {isa = PBXFileReference; fileEncoding = 4; lastKnownFileType = sourcecode.c.h; path = ChineseToPinyinResource.h; sourceTree = "<group>"; };
		68C19B271DBE2DFF0004EBFE /* ChineseToPinyinResource.m */ = {isa = PBXFileReference; fileEncoding = 4; lastKnownFileType = sourcecode.c.objc; path = ChineseToPinyinResource.m; sourceTree = "<group>"; };
		68C19B281DBE2DFF0004EBFE /* HanyuPinyinOutputFormat.h */ = {isa = PBXFileReference; fileEncoding = 4; lastKnownFileType = sourcecode.c.h; path = HanyuPinyinOutputFormat.h; sourceTree = "<group>"; };
		68C19B291DBE2DFF0004EBFE /* HanyuPinyinOutputFormat.m */ = {isa = PBXFileReference; fileEncoding = 4; lastKnownFileType = sourcecode.c.objc; path = HanyuPinyinOutputFormat.m; sourceTree = "<group>"; };
		68C19B2A1DBE2DFF0004EBFE /* NSString+PinYin4Cocoa.h */ = {isa = PBXFileReference; fileEncoding = 4; lastKnownFileType = sourcecode.c.h; path = "NSString+PinYin4Cocoa.h"; sourceTree = "<group>"; };
		68C19B2B1DBE2DFF0004EBFE /* NSString+PinYin4Cocoa.m */ = {isa = PBXFileReference; fileEncoding = 4; lastKnownFileType = sourcecode.c.objc; path = "NSString+PinYin4Cocoa.m"; sourceTree = "<group>"; };
		68C19B2C1DBE2DFF0004EBFE /* pinyin.c */ = {isa = PBXFileReference; fileEncoding = 4; lastKnownFileType = sourcecode.c.c; path = pinyin.c; sourceTree = "<group>"; };
		68C19B2D1DBE2DFF0004EBFE /* pinyin.h */ = {isa = PBXFileReference; fileEncoding = 4; lastKnownFileType = sourcecode.c.h; path = pinyin.h; sourceTree = "<group>"; };
		68C19B2E1DBE2DFF0004EBFE /* PinyinFormatter.h */ = {isa = PBXFileReference; fileEncoding = 4; lastKnownFileType = sourcecode.c.h; path = PinyinFormatter.h; sourceTree = "<group>"; };
		68C19B2F1DBE2DFF0004EBFE /* PinyinFormatter.m */ = {isa = PBXFileReference; fileEncoding = 4; lastKnownFileType = sourcecode.c.objc; path = PinyinFormatter.m; sourceTree = "<group>"; };
		68C19B301DBE2DFF0004EBFE /* PinYinForObjc.h */ = {isa = PBXFileReference; fileEncoding = 4; lastKnownFileType = sourcecode.c.h; path = PinYinForObjc.h; sourceTree = "<group>"; };
		68C19B311DBE2DFF0004EBFE /* PinYinForObjc.m */ = {isa = PBXFileReference; fileEncoding = 4; lastKnownFileType = sourcecode.c.objc; path = PinYinForObjc.m; sourceTree = "<group>"; };
		68C19B321DBE2DFF0004EBFE /* PinyinHelper.h */ = {isa = PBXFileReference; fileEncoding = 4; lastKnownFileType = sourcecode.c.h; path = PinyinHelper.h; sourceTree = "<group>"; };
		68C19B331DBE2DFF0004EBFE /* PinyinHelper.m */ = {isa = PBXFileReference; fileEncoding = 4; lastKnownFileType = sourcecode.c.objc; path = PinyinHelper.m; sourceTree = "<group>"; };
		68C19B341DBE2DFF0004EBFE /* unicode_to_hanyu_pinyin.txt */ = {isa = PBXFileReference; fileEncoding = 4; lastKnownFileType = text; path = unicode_to_hanyu_pinyin.txt; sourceTree = "<group>"; };
		68C19B351DBE2DFF0004EBFE /* ZYPinYinSearch.h */ = {isa = PBXFileReference; fileEncoding = 4; lastKnownFileType = sourcecode.c.h; path = ZYPinYinSearch.h; sourceTree = "<group>"; };
		68C19B361DBE2DFF0004EBFE /* ZYPinYinSearch.m */ = {isa = PBXFileReference; fileEncoding = 4; lastKnownFileType = sourcecode.c.objc; path = ZYPinYinSearch.m; sourceTree = "<group>"; };
		68D95E0F1D8EAF670099F5C8 /* SRClimate.app */ = {isa = PBXFileReference; explicitFileType = wrapper.application; includeInIndex = 0; path = SRClimate.app; sourceTree = BUILT_PRODUCTS_DIR; };
		68D95E131D8EAF670099F5C8 /* main.m */ = {isa = PBXFileReference; lastKnownFileType = sourcecode.c.objc; name = main.m; path = ../main.m; sourceTree = "<group>"; };
		68D95E151D8EAF670099F5C8 /* AppDelegate.h */ = {isa = PBXFileReference; lastKnownFileType = sourcecode.c.h; name = AppDelegate.h; path = ../AppDelegate.h; sourceTree = "<group>"; };
		68D95E161D8EAF670099F5C8 /* AppDelegate.m */ = {isa = PBXFileReference; lastKnownFileType = sourcecode.c.objc; name = AppDelegate.m; path = ../AppDelegate.m; sourceTree = "<group>"; };
		68D95E1E1D8EAF670099F5C8 /* Assets.xcassets */ = {isa = PBXFileReference; lastKnownFileType = folder.assetcatalog; path = Assets.xcassets; sourceTree = "<group>"; };
		68D95E231D8EAF670099F5C8 /* Info.plist */ = {isa = PBXFileReference; lastKnownFileType = text.plist.xml; path = Info.plist; sourceTree = "<group>"; };
		68D95ED71D8EB3100099F5C8 /* PrefixHeader.pch */ = {isa = PBXFileReference; fileEncoding = 4; lastKnownFileType = sourcecode.c.h; path = PrefixHeader.pch; sourceTree = "<group>"; };
		68D95FC91D8EB67E0099F5C8 /* LaunchScreen.storyboard */ = {isa = PBXFileReference; fileEncoding = 4; lastKnownFileType = file.storyboard; path = LaunchScreen.storyboard; sourceTree = "<group>"; };
		6E373ABB1D91989D00B44177 /* background_cloudy.jpeg */ = {isa = PBXFileReference; lastKnownFileType = image.jpeg; path = background_cloudy.jpeg; sourceTree = "<group>"; };
		6E373ABC1D91989D00B44177 /* background_rainy.jpeg */ = {isa = PBXFileReference; lastKnownFileType = image.jpeg; path = background_rainy.jpeg; sourceTree = "<group>"; };
		6E373ABD1D91989D00B44177 /* background_snowy.jpeg */ = {isa = PBXFileReference; lastKnownFileType = image.jpeg; path = background_snowy.jpeg; sourceTree = "<group>"; };
		6E373ABE1D91989D00B44177 /* background_sunny.jpeg */ = {isa = PBXFileReference; lastKnownFileType = image.jpeg; path = background_sunny.jpeg; sourceTree = "<group>"; };
/* End PBXFileReference section */

/* Begin PBXFrameworksBuildPhase section */
		68D95E0C1D8EAF660099F5C8 /* Frameworks */ = {
			isa = PBXFrameworksBuildPhase;
			buildActionMask = 2147483647;
			files = (
			);
			runOnlyForDeploymentPostprocessing = 0;
		};
/* End PBXFrameworksBuildPhase section */

/* Begin PBXGroup section */
		680A5B5D1D916DC900C141E7 /* Resource */ = {
			isa = PBXGroup;
			children = (
				680A5B631D916DC900C141E7 /* hotCities.plist */,
				680A5B5E1D916DC900C141E7 /* allCities.plist */,
				680A5B5F1D916DC900C141E7 /* allCitiesDics.plist */,
				6E373ABB1D91989D00B44177 /* background_cloudy.jpeg */,
				6E373ABC1D91989D00B44177 /* background_rainy.jpeg */,
				6E373ABD1D91989D00B44177 /* background_snowy.jpeg */,
				6E373ABE1D91989D00B44177 /* background_sunny.jpeg */,
			);
			path = Resource;
			sourceTree = "<group>";
		};
		6825E4451DD06CD300DA2092 /* MJExtension */ = {
			isa = PBXGroup;
			children = (
				6825E4471DD06CD300DA2092 /* MJExtension.h */,
				6825E4481DD06CD300DA2092 /* MJExtensionConst.h */,
				6825E4491DD06CD300DA2092 /* MJExtensionConst.m */,
				6825E44A1DD06CD300DA2092 /* MJFoundation.h */,
				6825E44B1DD06CD300DA2092 /* MJFoundation.m */,
				6825E44C1DD06CD300DA2092 /* MJProperty.h */,
				6825E44D1DD06CD300DA2092 /* MJProperty.m */,
				6825E44E1DD06CD300DA2092 /* MJPropertyKey.h */,
				6825E44F1DD06CD300DA2092 /* MJPropertyKey.m */,
				6825E4501DD06CD300DA2092 /* MJPropertyType.h */,
				6825E4511DD06CD300DA2092 /* MJPropertyType.m */,
				6825E4521DD06CD300DA2092 /* NSObject+MJClass.h */,
				6825E4531DD06CD300DA2092 /* NSObject+MJClass.m */,
				6825E4541DD06CD300DA2092 /* NSObject+MJCoding.h */,
				6825E4551DD06CD300DA2092 /* NSObject+MJCoding.m */,
				6825E4561DD06CD300DA2092 /* NSObject+MJKeyValue.h */,
				6825E4571DD06CD300DA2092 /* NSObject+MJKeyValue.m */,
				6825E4581DD06CD300DA2092 /* NSObject+MJProperty.h */,
				6825E4591DD06CD300DA2092 /* NSObject+MJProperty.m */,
				6825E45A1DD06CD300DA2092 /* NSString+MJExtension.h */,
				6825E45B1DD06CD300DA2092 /* NSString+MJExtension.m */,
			);
			path = MJExtension;
			sourceTree = "<group>";
		};
		6825E4871DD085A300DA2092 /* Classes */ = {
			isa = PBXGroup;
			children = (
				68D95E131D8EAF670099F5C8 /* main.m */,
				68D95E151D8EAF670099F5C8 /* AppDelegate.h */,
				68D95E161D8EAF670099F5C8 /* AppDelegate.m */,
				6825E4961DD085A300DA2092 /* Controllers */,
				6825E4B71DD085A300DA2092 /* Views */,
				6825E4A11DD085A300DA2092 /* Models */,
				6825E4AA1DD085A300DA2092 /* Tools */,
				6825E4881DD085A300DA2092 /* Category */,
				6825E49D1DD085A300DA2092 /* Defines */,
			);
			path = Classes;
			sourceTree = "<group>";
		};
		6825E4881DD085A300DA2092 /* Category */ = {
			isa = PBXGroup;
			children = (
				6825E4891DD085A300DA2092 /* Foundation+Log.m */,
				6825E48A1DD085A300DA2092 /* NSAttributedString+Extension.h */,
				6825E48B1DD085A300DA2092 /* NSAttributedString+Extension.m */,
				6825E48C1DD085A300DA2092 /* NSDate+Extension.h */,
				6825E48D1DD085A300DA2092 /* NSDate+Extension.m */,
				6825E48E1DD085A300DA2092 /* NSString+Extension.h */,
				6825E48F1DD085A300DA2092 /* NSString+Extension.m */,
				6825E4901DD085A300DA2092 /* UIApplication+Extension.h */,
				6825E4911DD085A300DA2092 /* UIApplication+Extension.m */,
				6825E4921DD085A300DA2092 /* UILabel+Font.h */,
				6825E4931DD085A300DA2092 /* UILabel+Font.m */,
				6825E4941DD085A300DA2092 /* UIView+Frame.h */,
				6825E4951DD085A300DA2092 /* UIView+Frame.m */,
			);
			path = Category;
			sourceTree = "<group>";
		};
		6825E4961DD085A300DA2092 /* Controllers */ = {
			isa = PBXGroup;
			children = (
				6825E4991DD085A300DA2092 /* MainViewController.h */,
				6825E49A1DD085A300DA2092 /* MainViewController.m */,
				6825E49B1DD085A300DA2092 /* SettingCityController.h */,
				6825E49C1DD085A300DA2092 /* SettingCityController.m */,
				6825E4971DD085A300DA2092 /* AddCityController.h */,
				6825E4981DD085A300DA2092 /* AddCityController.m */,
			);
			path = Controllers;
			sourceTree = "<group>";
		};
		6825E49D1DD085A300DA2092 /* Defines */ = {
			isa = PBXGroup;
			children = (
				6825E49E1DD085A300DA2092 /* ConstDefine.h */,
				6825E49F1DD085A300DA2092 /* ConstDefine.m */,
				6825E4A01DD085A300DA2092 /* UIAssistDefine.h */,
			);
			path = Defines;
			sourceTree = "<group>";
		};
		6825E4A11DD085A300DA2092 /* Models */ = {
			isa = PBXGroup;
			children = (
				6825E4A21DD085A300DA2092 /* CityWeatherData.h */,
				6825E4A31DD085A300DA2092 /* CityWeatherData.m */,
				6825E4A41DD085A300DA2092 /* DailyWeatherData.h */,
				6825E4A51DD085A300DA2092 /* DailyWeatherData.m */,
				6825E4A61DD085A300DA2092 /* HourlyWeatherData.h */,
				6825E4A71DD085A300DA2092 /* HourlyWeatherData.m */,
				6825E4A81DD085A300DA2092 /* NowWeatherData.h */,
				6825E4A91DD085A300DA2092 /* NowWeatherData.m */,
			);
			path = Models;
			sourceTree = "<group>";
		};
		6825E4AA1DD085A300DA2092 /* Tools */ = {
			isa = PBXGroup;
			children = (
				6825E4AB1DD085A300DA2092 /* SRHTTPSessionManager.h */,
				6825E4AC1DD085A300DA2092 /* SRHTTPSessionManager.m */,
				6825E4AD1DD085A300DA2092 /* SRLocationTool.h */,
				6825E4AE1DD085A300DA2092 /* SRLocationTool.m */,
				6825E4AF1DD085A300DA2092 /* SRUserDefaults.h */,
				6825E4B01DD085A300DA2092 /* SRUserDefaults.m */,
				6825E4B11DD085A300DA2092 /* SRWeatherAssist.h */,
				6825E4B21DD085A300DA2092 /* SRWeatherAssist.m */,
				6825E4B31DD085A300DA2092 /* SRWeatherCityTool.h */,
				6825E4B41DD085A300DA2092 /* SRWeatherCityTool.m */,
				6825E4B51DD085A300DA2092 /* SRWeatherDataTool.h */,
				6825E4B61DD085A300DA2092 /* SRWeatherDataTool.m */,
			);
			path = Tools;
			sourceTree = "<group>";
		};
		6825E4B71DD085A300DA2092 /* Views */ = {
			isa = PBXGroup;
			children = (
				6825E4BE1DD085A300DA2092 /* WeatherToolBar.h */,
				6825E4BF1DD085A300DA2092 /* WeatherToolBar.m */,
				6825E4BA1DD085A300DA2092 /* WeatherGeneralInfoView.h */,
				6825E4BB1DD085A300DA2092 /* WeatherGeneralInfoView.m */,
				6825E4B81DD085A300DA2092 /* WeatherDetailInfoView.h */,
				6825E4B91DD085A300DA2092 /* WeatherDetailInfoView.m */,
				6825E4BC1DD085A300DA2092 /* WeatherLineChart.h */,
				6825E4BD1DD085A300DA2092 /* WeatherLineChart.m */,
			);
			path = Views;
			sourceTree = "<group>";
		};
		68C19B031DBE2DFF0004EBFE /* Libraries */ = {
			isa = PBXGroup;
			children = (
				6825E4451DD06CD300DA2092 /* MJExtension */,
				68C19B071DBE2DFF0004EBFE /* AFNetWorking */,
				68C19B1B1DBE2DFF0004EBFE /* MBProgressHUD */,
				68C19B211DBE2DFF0004EBFE /* PinYinSearchLib */,
			);
			path = Libraries;
			sourceTree = "<group>";
		};
		68C19B071DBE2DFF0004EBFE /* AFNetWorking */ = {
			isa = PBXGroup;
			children = (
				68C19B081DBE2DFF0004EBFE /* AFHTTPRequestOperation.h */,
				68C19B091DBE2DFF0004EBFE /* AFHTTPRequestOperation.m */,
				68C19B0A1DBE2DFF0004EBFE /* AFHTTPRequestOperationManager.h */,
				68C19B0B1DBE2DFF0004EBFE /* AFHTTPRequestOperationManager.m */,
				68C19B0C1DBE2DFF0004EBFE /* AFHTTPSessionManager.h */,
				68C19B0D1DBE2DFF0004EBFE /* AFHTTPSessionManager.m */,
				68C19B0E1DBE2DFF0004EBFE /* AFNetworking.h */,
				68C19B0F1DBE2DFF0004EBFE /* AFNetworkReachabilityManager.h */,
				68C19B101DBE2DFF0004EBFE /* AFNetworkReachabilityManager.m */,
				68C19B111DBE2DFF0004EBFE /* AFSecurityPolicy.h */,
				68C19B121DBE2DFF0004EBFE /* AFSecurityPolicy.m */,
				68C19B131DBE2DFF0004EBFE /* AFURLConnectionOperation.h */,
				68C19B141DBE2DFF0004EBFE /* AFURLConnectionOperation.m */,
				68C19B151DBE2DFF0004EBFE /* AFURLRequestSerialization.h */,
				68C19B161DBE2DFF0004EBFE /* AFURLRequestSerialization.m */,
				68C19B171DBE2DFF0004EBFE /* AFURLResponseSerialization.h */,
				68C19B181DBE2DFF0004EBFE /* AFURLResponseSerialization.m */,
				68C19B191DBE2DFF0004EBFE /* AFURLSessionManager.h */,
				68C19B1A1DBE2DFF0004EBFE /* AFURLSessionManager.m */,
			);
			path = AFNetWorking;
			sourceTree = "<group>";
		};
		68C19B1B1DBE2DFF0004EBFE /* MBProgressHUD */ = {
			isa = PBXGroup;
			children = (
				68C19B1C1DBE2DFF0004EBFE /* MBProgressHUD+SR.h */,
				68C19B1D1DBE2DFF0004EBFE /* MBProgressHUD+SR.m */,
				68C19B1F1DBE2DFF0004EBFE /* MBProgressHUD.h */,
				68C19B201DBE2DFF0004EBFE /* MBProgressHUD.m */,
				68C19B1E1DBE2DFF0004EBFE /* MBProgressHUD.bundle */,
			);
			path = MBProgressHUD;
			sourceTree = "<group>";
		};
		68C19B211DBE2DFF0004EBFE /* PinYinSearchLib */ = {
			isa = PBXGroup;
			children = (
				68C19B221DBE2DFF0004EBFE /* ChineseString.h */,
				68C19B231DBE2DFF0004EBFE /* ChineseString.m */,
				68C19B241DBE2DFF0004EBFE /* ChineseStringTool.h */,
				68C19B251DBE2DFF0004EBFE /* ChineseStringTool.m */,
				68C19B261DBE2DFF0004EBFE /* ChineseToPinyinResource.h */,
				68C19B271DBE2DFF0004EBFE /* ChineseToPinyinResource.m */,
				68C19B281DBE2DFF0004EBFE /* HanyuPinyinOutputFormat.h */,
				68C19B291DBE2DFF0004EBFE /* HanyuPinyinOutputFormat.m */,
				68C19B2A1DBE2DFF0004EBFE /* NSString+PinYin4Cocoa.h */,
				68C19B2B1DBE2DFF0004EBFE /* NSString+PinYin4Cocoa.m */,
				68C19B2C1DBE2DFF0004EBFE /* pinyin.c */,
				68C19B2D1DBE2DFF0004EBFE /* pinyin.h */,
				68C19B2E1DBE2DFF0004EBFE /* PinyinFormatter.h */,
				68C19B2F1DBE2DFF0004EBFE /* PinyinFormatter.m */,
				68C19B301DBE2DFF0004EBFE /* PinYinForObjc.h */,
				68C19B311DBE2DFF0004EBFE /* PinYinForObjc.m */,
				68C19B321DBE2DFF0004EBFE /* PinyinHelper.h */,
				68C19B331DBE2DFF0004EBFE /* PinyinHelper.m */,
				68C19B341DBE2DFF0004EBFE /* unicode_to_hanyu_pinyin.txt */,
				68C19B351DBE2DFF0004EBFE /* ZYPinYinSearch.h */,
				68C19B361DBE2DFF0004EBFE /* ZYPinYinSearch.m */,
			);
			path = PinYinSearchLib;
			sourceTree = "<group>";
		};
		68D95E061D8EAF660099F5C8 = {
			isa = PBXGroup;
			children = (
				68D95E111D8EAF670099F5C8 /* SRClimate */,
				68D95E101D8EAF670099F5C8 /* Products */,
			);
			sourceTree = "<group>";
		};
		68D95E101D8EAF670099F5C8 /* Products */ = {
			isa = PBXGroup;
			children = (
				68D95E0F1D8EAF670099F5C8 /* SRClimate.app */,
			);
			name = Products;
			sourceTree = "<group>";
		};
		68D95E111D8EAF670099F5C8 /* SRClimate */ = {
			isa = PBXGroup;
			children = (
				6825E4871DD085A300DA2092 /* Classes */,
				68D95E121D8EAF670099F5C8 /* Supporting Files */,
			);
			path = SRClimate;
			sourceTree = "<group>";
		};
		68D95E121D8EAF670099F5C8 /* Supporting Files */ = {
			isa = PBXGroup;
			children = (
				68C19B031DBE2DFF0004EBFE /* Libraries */,
				680A5B5D1D916DC900C141E7 /* Resource */,
				68D95ED71D8EB3100099F5C8 /* PrefixHeader.pch */,
				68D95FC91D8EB67E0099F5C8 /* LaunchScreen.storyboard */,
				68D95E1E1D8EAF670099F5C8 /* Assets.xcassets */,
				68D95E231D8EAF670099F5C8 /* Info.plist */,
			);
			name = "Supporting Files";
			sourceTree = "<group>";
		};
/* End PBXGroup section */

/* Begin PBXNativeTarget section */
		68D95E0E1D8EAF660099F5C8 /* SRClimate */ = {
			isa = PBXNativeTarget;
			buildConfigurationList = 68D95E3C1D8EAF670099F5C8 /* Build configuration list for PBXNativeTarget "SRClimate" */;
			buildPhases = (
				68D95E0B1D8EAF660099F5C8 /* Sources */,
				68D95E0C1D8EAF660099F5C8 /* Frameworks */,
				68D95E0D1D8EAF660099F5C8 /* Resources */,
			);
			buildRules = (
			);
			dependencies = (
			);
			name = SRClimate;
			productName = SRClimate;
			productReference = 68D95E0F1D8EAF670099F5C8 /* SRClimate.app */;
			productType = "com.apple.product-type.application";
		};
/* End PBXNativeTarget section */

/* Begin PBXProject section */
		68D95E071D8EAF660099F5C8 /* Project object */ = {
			isa = PBXProject;
			attributes = {
				LastUpgradeCheck = 0940;
				ORGANIZATIONNAME = SR;
				TargetAttributes = {
					68D95E0E1D8EAF660099F5C8 = {
						CreatedOnToolsVersion = 7.3;
						DevelopmentTeam = L8C6M6B8E9;
						ProvisioningStyle = Manual;
					};
				};
			};
			buildConfigurationList = 68D95E0A1D8EAF660099F5C8 /* Build configuration list for PBXProject "SRClimate" */;
			compatibilityVersion = "Xcode 3.2";
			developmentRegion = English;
			hasScannedForEncodings = 0;
			knownRegions = (
				en,
				Base,
			);
			mainGroup = 68D95E061D8EAF660099F5C8;
			productRefGroup = 68D95E101D8EAF670099F5C8 /* Products */;
			projectDirPath = "";
			projectRoot = "";
			targets = (
				68D95E0E1D8EAF660099F5C8 /* SRClimate */,
			);
		};
/* End PBXProject section */

/* Begin PBXResourcesBuildPhase section */
		68D95E0D1D8EAF660099F5C8 /* Resources */ = {
			isa = PBXResourcesBuildPhase;
			buildActionMask = 2147483647;
			files = (
				6E373ABF1D91989D00B44177 /* background_cloudy.jpeg in Resources */,
				68C19B4D1DBE2DFF0004EBFE /* unicode_to_hanyu_pinyin.txt in Resources */,
				6E373AC01D91989D00B44177 /* background_rainy.jpeg in Resources */,
				680A5B691D916DC900C141E7 /* hotCities.plist in Resources */,
				680A5B641D916DC900C141E7 /* allCities.plist in Resources */,
				680A5B651D916DC900C141E7 /* allCitiesDics.plist in Resources */,
				68D95E1F1D8EAF670099F5C8 /* Assets.xcassets in Resources */,
				6E373AC11D91989D00B44177 /* background_snowy.jpeg in Resources */,
				68C19B421DBE2DFF0004EBFE /* MBProgressHUD.bundle in Resources */,
				6E373AC21D91989D00B44177 /* background_sunny.jpeg in Resources */,
				68D95FCA1D8EB67E0099F5C8 /* LaunchScreen.storyboard in Resources */,
			);
			runOnlyForDeploymentPostprocessing = 0;
		};
/* End PBXResourcesBuildPhase section */

/* Begin PBXSourcesBuildPhase section */
		68D95E0B1D8EAF660099F5C8 /* Sources */ = {
			isa = PBXSourcesBuildPhase;
			buildActionMask = 2147483647;
			files = (
				6825E4D71DD085A300DA2092 /* WeatherLineChart.m in Sources */,
				68C19B4C1DBE2DFF0004EBFE /* PinyinHelper.m in Sources */,
				68C19B411DBE2DFF0004EBFE /* MBProgressHUD+SR.m in Sources */,
				68C19B3E1DBE2DFF0004EBFE /* AFURLRequestSerialization.m in Sources */,
				6825E4C11DD085A300DA2092 /* NSAttributedString+Extension.m in Sources */,
				6825E4601DD06CD300DA2092 /* MJPropertyKey.m in Sources */,
				68C19B3D1DBE2DFF0004EBFE /* AFURLConnectionOperation.m in Sources */,
				6825E4611DD06CD300DA2092 /* MJPropertyType.m in Sources */,
				68D95E171D8EAF670099F5C8 /* AppDelegate.m in Sources */,
				6825E4C61DD085A300DA2092 /* UIView+Frame.m in Sources */,
				6825E4D31DD085A300DA2092 /* SRWeatherCityTool.m in Sources */,
				6825E4CE1DD085A300DA2092 /* NowWeatherData.m in Sources */,
				6825E4C21DD085A300DA2092 /* NSDate+Extension.m in Sources */,
				6825E4CA1DD085A300DA2092 /* ConstDefine.m in Sources */,
				68C19B461DBE2DFF0004EBFE /* ChineseToPinyinResource.m in Sources */,
				6825E4C91DD085A300DA2092 /* SettingCityController.m in Sources */,
				6825E4651DD06CD300DA2092 /* NSObject+MJProperty.m in Sources */,
				6825E4D61DD085A300DA2092 /* WeatherGeneralInfoView.m in Sources */,
				6825E45F1DD06CD300DA2092 /* MJProperty.m in Sources */,
				6825E4D21DD085A300DA2092 /* SRWeatherAssist.m in Sources */,
				68C19B3B1DBE2DFF0004EBFE /* AFNetworkReachabilityManager.m in Sources */,
				6825E4C51DD085A300DA2092 /* UILabel+Font.m in Sources */,
				68C19B401DBE2DFF0004EBFE /* AFURLSessionManager.m in Sources */,
				6825E4CF1DD085A300DA2092 /* SRHTTPSessionManager.m in Sources */,
				68C19B481DBE2DFF0004EBFE /* NSString+PinYin4Cocoa.m in Sources */,
				68C19B4E1DBE2DFF0004EBFE /* ZYPinYinSearch.m in Sources */,
				68D95E141D8EAF670099F5C8 /* main.m in Sources */,
				6825E4CD1DD085A300DA2092 /* HourlyWeatherData.m in Sources */,
				6825E4D81DD085A300DA2092 /* WeatherToolBar.m in Sources */,
				68C19B491DBE2DFF0004EBFE /* pinyin.c in Sources */,
				6825E45E1DD06CD300DA2092 /* MJFoundation.m in Sources */,
				68C19B4A1DBE2DFF0004EBFE /* PinyinFormatter.m in Sources */,
				6825E4D01DD085A300DA2092 /* SRLocationTool.m in Sources */,
				6825E4631DD06CD300DA2092 /* NSObject+MJCoding.m in Sources */,
				6825E4661DD06CD300DA2092 /* NSString+MJExtension.m in Sources */,
				68C19B3C1DBE2DFF0004EBFE /* AFSecurityPolicy.m in Sources */,
				6825E4C81DD085A300DA2092 /* MainViewController.m in Sources */,
				68C19B4B1DBE2DFF0004EBFE /* PinYinForObjc.m in Sources */,
				6825E4D11DD085A300DA2092 /* SRUserDefaults.m in Sources */,
				68C19B391DBE2DFF0004EBFE /* AFHTTPRequestOperationManager.m in Sources */,
				6825E4CB1DD085A300DA2092 /* CityWeatherData.m in Sources */,
				6825E4C01DD085A300DA2092 /* Foundation+Log.m in Sources */,
				68C19B431DBE2DFF0004EBFE /* MBProgressHUD.m in Sources */,
				6825E45D1DD06CD300DA2092 /* MJExtensionConst.m in Sources */,
				6825E4D41DD085A300DA2092 /* SRWeatherDataTool.m in Sources */,
				6825E4C41DD085A300DA2092 /* UIApplication+Extension.m in Sources */,
				6825E4C31DD085A300DA2092 /* NSString+Extension.m in Sources */,
				6825E4641DD06CD300DA2092 /* NSObject+MJKeyValue.m in Sources */,
				68C19B451DBE2DFF0004EBFE /* ChineseStringTool.m in Sources */,
				6825E4CC1DD085A300DA2092 /* DailyWeatherData.m in Sources */,
				68C19B471DBE2DFF0004EBFE /* HanyuPinyinOutputFormat.m in Sources */,
				68C19B3A1DBE2DFF0004EBFE /* AFHTTPSessionManager.m in Sources */,
				68C19B381DBE2DFF0004EBFE /* AFHTTPRequestOperation.m in Sources */,
				6825E4C71DD085A300DA2092 /* AddCityController.m in Sources */,
				6825E4D51DD085A300DA2092 /* WeatherDetailInfoView.m in Sources */,
				68C19B441DBE2DFF0004EBFE /* ChineseString.m in Sources */,
				6825E4621DD06CD300DA2092 /* NSObject+MJClass.m in Sources */,
				68C19B3F1DBE2DFF0004EBFE /* AFURLResponseSerialization.m in Sources */,
			);
			runOnlyForDeploymentPostprocessing = 0;
		};
/* End PBXSourcesBuildPhase section */

/* Begin XCBuildConfiguration section */
		68D95E3A1D8EAF670099F5C8 /* Debug */ = {
			isa = XCBuildConfiguration;
			buildSettings = {
				ALWAYS_SEARCH_USER_PATHS = NO;
				CLANG_ANALYZER_NONNULL = YES;
				CLANG_CXX_LANGUAGE_STANDARD = "gnu++0x";
				CLANG_CXX_LIBRARY = "libc++";
				CLANG_ENABLE_MODULES = YES;
				CLANG_ENABLE_OBJC_ARC = YES;
				CLANG_WARN_BLOCK_CAPTURE_AUTORELEASING = YES;
				CLANG_WARN_BOOL_CONVERSION = YES;
				CLANG_WARN_COMMA = YES;
				CLANG_WARN_CONSTANT_CONVERSION = YES;
				CLANG_WARN_DEPRECATED_OBJC_IMPLEMENTATIONS = YES;
				CLANG_WARN_DIRECT_OBJC_ISA_USAGE = YES_ERROR;
				CLANG_WARN_EMPTY_BODY = YES;
				CLANG_WARN_ENUM_CONVERSION = YES;
				CLANG_WARN_INFINITE_RECURSION = YES;
				CLANG_WARN_INT_CONVERSION = YES;
				CLANG_WARN_NON_LITERAL_NULL_CONVERSION = YES;
				CLANG_WARN_OBJC_IMPLICIT_RETAIN_SELF = YES;
				CLANG_WARN_OBJC_LITERAL_CONVERSION = YES;
				CLANG_WARN_OBJC_ROOT_CLASS = YES_ERROR;
				CLANG_WARN_RANGE_LOOP_ANALYSIS = YES;
				CLANG_WARN_STRICT_PROTOTYPES = YES;
				CLANG_WARN_SUSPICIOUS_MOVE = YES;
				CLANG_WARN_UNREACHABLE_CODE = YES;
				CLANG_WARN__DUPLICATE_METHOD_MATCH = YES;
				"CODE_SIGN_IDENTITY[sdk=iphoneos*]" = "iPhone Developer";
				COPY_PHASE_STRIP = NO;
				DEBUG_INFORMATION_FORMAT = dwarf;
				ENABLE_STRICT_OBJC_MSGSEND = YES;
				ENABLE_TESTABILITY = YES;
				GCC_C_LANGUAGE_STANDARD = gnu99;
				GCC_DYNAMIC_NO_PIC = NO;
				GCC_NO_COMMON_BLOCKS = YES;
				GCC_OPTIMIZATION_LEVEL = 0;
				GCC_PREPROCESSOR_DEFINITIONS = (
					"DEBUG=1",
					"$(inherited)",
				);
				GCC_WARN_64_TO_32_BIT_CONVERSION = YES;
				GCC_WARN_ABOUT_RETURN_TYPE = YES_ERROR;
				GCC_WARN_UNDECLARED_SELECTOR = YES;
				GCC_WARN_UNINITIALIZED_AUTOS = YES_AGGRESSIVE;
				GCC_WARN_UNUSED_FUNCTION = YES;
				GCC_WARN_UNUSED_VARIABLE = YES;
				IPHONEOS_DEPLOYMENT_TARGET = 9.3;
				MTL_ENABLE_DEBUG_INFO = YES;
				ONLY_ACTIVE_ARCH = YES;
				SDKROOT = iphoneos;
			};
			name = Debug;
		};
		68D95E3B1D8EAF670099F5C8 /* Release */ = {
			isa = XCBuildConfiguration;
			buildSettings = {
				ALWAYS_SEARCH_USER_PATHS = NO;
				CLANG_ANALYZER_NONNULL = YES;
				CLANG_CXX_LANGUAGE_STANDARD = "gnu++0x";
				CLANG_CXX_LIBRARY = "libc++";
				CLANG_ENABLE_MODULES = YES;
				CLANG_ENABLE_OBJC_ARC = YES;
				CLANG_WARN_BLOCK_CAPTURE_AUTORELEASING = YES;
				CLANG_WARN_BOOL_CONVERSION = YES;
				CLANG_WARN_COMMA = YES;
				CLANG_WARN_CONSTANT_CONVERSION = YES;
				CLANG_WARN_DEPRECATED_OBJC_IMPLEMENTATIONS = YES;
				CLANG_WARN_DIRECT_OBJC_ISA_USAGE = YES_ERROR;
				CLANG_WARN_EMPTY_BODY = YES;
				CLANG_WARN_ENUM_CONVERSION = YES;
				CLANG_WARN_INFINITE_RECURSION = YES;
				CLANG_WARN_INT_CONVERSION = YES;
				CLANG_WARN_NON_LITERAL_NULL_CONVERSION = YES;
				CLANG_WARN_OBJC_IMPLICIT_RETAIN_SELF = YES;
				CLANG_WARN_OBJC_LITERAL_CONVERSION = YES;
				CLANG_WARN_OBJC_ROOT_CLASS = YES_ERROR;
				CLANG_WARN_RANGE_LOOP_ANALYSIS = YES;
				CLANG_WARN_STRICT_PROTOTYPES = YES;
				CLANG_WARN_SUSPICIOUS_MOVE = YES;
				CLANG_WARN_UNREACHABLE_CODE = YES;
				CLANG_WARN__DUPLICATE_METHOD_MATCH = YES;
				"CODE_SIGN_IDENTITY[sdk=iphoneos*]" = "iPhone Developer";
				COPY_PHASE_STRIP = NO;
				DEBUG_INFORMATION_FORMAT = "dwarf-with-dsym";
				ENABLE_NS_ASSERTIONS = NO;
				ENABLE_STRICT_OBJC_MSGSEND = YES;
				GCC_C_LANGUAGE_STANDARD = gnu99;
				GCC_NO_COMMON_BLOCKS = YES;
				GCC_WARN_64_TO_32_BIT_CONVERSION = YES;
				GCC_WARN_ABOUT_RETURN_TYPE = YES_ERROR;
				GCC_WARN_UNDECLARED_SELECTOR = YES;
				GCC_WARN_UNINITIALIZED_AUTOS = YES_AGGRESSIVE;
				GCC_WARN_UNUSED_FUNCTION = YES;
				GCC_WARN_UNUSED_VARIABLE = YES;
				IPHONEOS_DEPLOYMENT_TARGET = 9.3;
				MTL_ENABLE_DEBUG_INFO = NO;
				SDKROOT = iphoneos;
				VALIDATE_PRODUCT = YES;
			};
			name = Release;
		};
		68D95E3D1D8EAF670099F5C8 /* Debug */ = {
			isa = XCBuildConfiguration;
			buildSettings = {
				ASSETCATALOG_COMPILER_APPICON_NAME = AppIcon;
				DEVELOPMENT_TEAM = L8C6M6B8E9;
				GCC_PREFIX_HEADER = SRClimate/PrefixHeader.pch;
				INFOPLIST_FILE = SRClimate/Info.plist;
				IPHONEOS_DEPLOYMENT_TARGET = 8.0;
				LD_RUNPATH_SEARCH_PATHS = "$(inherited) @executable_path/Frameworks";
				PRODUCT_BUNDLE_IDENTIFIER = com.willing.climate;
				PRODUCT_NAME = "$(TARGET_NAME)";
				PROVISIONING_PROFILE = "41eaf476-bb76-4cb9-b2e9-b856cc3e9d97";
				PROVISIONING_PROFILE_SPECIFIER = "PP For All";
			};
			name = Debug;
		};
		68D95E3E1D8EAF670099F5C8 /* Release */ = {
			isa = XCBuildConfiguration;
			buildSettings = {
				ASSETCATALOG_COMPILER_APPICON_NAME = AppIcon;
				DEVELOPMENT_TEAM = L8C6M6B8E9;
				GCC_PREFIX_HEADER = SRClimate/PrefixHeader.pch;
				INFOPLIST_FILE = SRClimate/Info.plist;
				IPHONEOS_DEPLOYMENT_TARGET = 8.0;
				LD_RUNPATH_SEARCH_PATHS = "$(inherited) @executable_path/Frameworks";
				PRODUCT_BUNDLE_IDENTIFIER = com.willing.climate;
				PRODUCT_NAME = "$(TARGET_NAME)";
				PROVISIONING_PROFILE = "41eaf476-bb76-4cb9-b2e9-b856cc3e9d97";
				PROVISIONING_PROFILE_SPECIFIER = "PP For All";
			};
			name = Release;
		};
/* End XCBuildConfiguration section */

/* Begin XCConfigurationList section */
		68D95E0A1D8EAF660099F5C8 /* Build configuration list for PBXProject "SRClimate" */ = {
			isa = XCConfigurationList;
			buildConfigurations = (
				68D95E3A1D8EAF670099F5C8 /* Debug */,
				68D95E3B1D8EAF670099F5C8 /* Release */,
			);
			defaultConfigurationIsVisible = 0;
			defaultConfigurationName = Release;
		};
		68D95E3C1D8EAF670099F5C8 /* Build configuration list for PBXNativeTarget "SRClimate" */ = {
			isa = XCConfigurationList;
			buildConfigurations = (
				68D95E3D1D8EAF670099F5C8 /* Debug */,
				68D95E3E1D8EAF670099F5C8 /* Release */,
			);
			defaultConfigurationIsVisible = 0;
			defaultConfigurationName = Release;
		};
/* End XCConfigurationList section */
	};
	rootObject = 68D95E071D8EAF660099F5C8 /* Project object */;
}
